# This file is automatically @generated by Cargo.
# It is not intended for manual editing.
version = 4

[[package]]
name = "graphitepdf"
version = "0.1.0"
dependencies = [
 "graphitepdf-primitives",
]

[[package]]
name = "graphitepdf-primitives"
version = "0.1.0"

[[package]]
name = "graphitepdf-utils"
version = "0.1.0"
